// !$*UTF8*$!
{
	archiveVersion = 1;
	classes = {
	};
	objectVersion = 50;
	objects = {

/* Begin PBXBuildFile section */
		7C0786A7243892A5002A94B4 /* CGPoint+Extension.swift in Sources */ = {isa = PBXBuildFile; fileRef = 7C0786A6243892A5002A94B4 /* CGPoint+Extension.swift */; };
		7C0786A9243892DD002A94B4 /* CGSize+Extension.swift in Sources */ = {isa = PBXBuildFile; fileRef = 7C0786A8243892DD002A94B4 /* CGSize+Extension.swift */; };
		7C0786AB2438934E002A94B4 /* SKScene+Extension.swift in Sources */ = {isa = PBXBuildFile; fileRef = 7C0786AA2438934E002A94B4 /* SKScene+Extension.swift */; };
		7C167D3D2438DDCE00BE43A5 /* PitNode.swift in Sources */ = {isa = PBXBuildFile; fileRef = 7C167D3C2438DDCE00BE43A5 /* PitNode.swift */; };
		7C167D3F2438F6E200BE43A5 /* PitMeshNode.swift in Sources */ = {isa = PBXBuildFile; fileRef = 7C167D3E2438F6E200BE43A5 /* PitMeshNode.swift */; };
		7C167D412439023100BE43A5 /* Size3i.swift in Sources */ = {isa = PBXBuildFile; fileRef = 7C167D402439023100BE43A5 /* Size3i.swift */; };
		7C167D432439050900BE43A5 /* PitContentNode.swift in Sources */ = {isa = PBXBuildFile; fileRef = 7C167D422439050900BE43A5 /* PitContentNode.swift */; };
		7C167D4524390C1800BE43A5 /* Geometry.swift in Sources */ = {isa = PBXBuildFile; fileRef = 7C167D4424390C1800BE43A5 /* Geometry.swift */; };
		7C167D472439114500BE43A5 /* PolycubeNode.swift in Sources */ = {isa = PBXBuildFile; fileRef = 7C167D462439114500BE43A5 /* PolycubeNode.swift */; };
		7C183F19243BA5540037932D /* SetupScene.swift in Sources */ = {isa = PBXBuildFile; fileRef = 7C183F18243BA5540037932D /* SetupScene.swift */; };
		7C1FD4C0243DA1CE0020E3E5 /* PickerNode.swift in Sources */ = {isa = PBXBuildFile; fileRef = 7C1FD4BF243DA1CE0020E3E5 /* PickerNode.swift */; };
		7C1FD64B2437857000ED901C /* GamepadScene.swift in Sources */ = {isa = PBXBuildFile; fileRef = 7C1FD6482437857000ED901C /* GamepadScene.swift */; };
		7C1FD64C2437857000ED901C /* MainMenuScene.swift in Sources */ = {isa = PBXBuildFile; fileRef = 7C1FD6492437857000ED901C /* MainMenuScene.swift */; };
		7C1FD64F2437859F00ED901C /* Setup.swift in Sources */ = {isa = PBXBuildFile; fileRef = 7C1FD64E2437859F00ED901C /* Setup.swift */; };
		7C1FD653243785B600ED901C /* ButtonNode.swift in Sources */ = {isa = PBXBuildFile; fileRef = 7C1FD651243785B600ED901C /* ButtonNode.swift */; };
		7C1FD654243785B600ED901C /* GamepadButtonNode.swift in Sources */ = {isa = PBXBuildFile; fileRef = 7C1FD652243785B600ED901C /* GamepadButtonNode.swift */; };
		7C29C54E2445876200AFD007 /* UIColor+Extension.swift in Sources */ = {isa = PBXBuildFile; fileRef = 7C29C54D2445876200AFD007 /* UIColor+Extension.swift */; };
		7C33F98F24273180007BE88C /* SCNMatrix4+Operations.swift in Sources */ = {isa = PBXBuildFile; fileRef = 7C33F98E24273180007BE88C /* SCNMatrix4+Operations.swift */; };
		7C36F48823DC54F3004CB85E /* Polycube.swift in Sources */ = {isa = PBXBuildFile; fileRef = 7C36F48723DC54F3004CB85E /* Polycube.swift */; };
		7C36F48A23DC6978004CB85E /* GameEngine.swift in Sources */ = {isa = PBXBuildFile; fileRef = 7C36F48923DC6978004CB85E /* GameEngine.swift */; };
		7C4AAD8923DAEFEA00A9590B /* art.scnassets in Resources */ = {isa = PBXBuildFile; fileRef = 7C4AAD8823DAEFEA00A9590B /* art.scnassets */; };
		7C4AAD8B23DAEFEA00A9590B /* GameViewController.swift in Sources */ = {isa = PBXBuildFile; fileRef = 7C4AAD8A23DAEFEA00A9590B /* GameViewController.swift */; };
		7C4AAD8E23DAEFEA00A9590B /* Main.storyboard in Resources */ = {isa = PBXBuildFile; fileRef = 7C4AAD8C23DAEFEA00A9590B /* Main.storyboard */; };
		7C4AAD9023DAEFEA00A9590B /* Assets.xcassets in Resources */ = {isa = PBXBuildFile; fileRef = 7C4AAD8F23DAEFEA00A9590B /* Assets.xcassets */; };
		7C4AAD9323DAEFEA00A9590B /* LaunchScreen.storyboard in Resources */ = {isa = PBXBuildFile; fileRef = 7C4AAD9123DAEFEA00A9590B /* LaunchScreen.storyboard */; };
		7C5C32622441AE17000F3430 /* README.md in Resources */ = {isa = PBXBuildFile; fileRef = 7C5C32612441AE17000F3430 /* README.md */; };
		7C729FE2241BA7D9007DE4B8 /* Pit.swift in Sources */ = {isa = PBXBuildFile; fileRef = 7C729FE1241BA7D9007DE4B8 /* Pit.swift */; };
		7C7C3CDB243AFF82004E3D31 /* NumericUpDown.swift in Sources */ = {isa = PBXBuildFile; fileRef = 7C7C3CDA243AFF82004E3D31 /* NumericUpDown.swift */; };
		7C8AAE802439A9D40083AD7C /* GameScene.swift in Sources */ = {isa = PBXBuildFile; fileRef = 7C8AAE7F2439A9D40083AD7C /* GameScene.swift */; };
		7C9F8DA424220FA8005189EA /* GamepadProtocol.swift in Sources */ = {isa = PBXBuildFile; fileRef = 7C9F8DA324220FA8005189EA /* GamepadProtocol.swift */; };
		7CA349BD23DD89CB000721E9 /* polycubes.json in Resources */ = {isa = PBXBuildFile; fileRef = 7CA349BC23DD89CA000721E9 /* polycubes.json */; };
		7CA3CA8C243CC10A00009458 /* StringPickerNode.swift in Sources */ = {isa = PBXBuildFile; fileRef = 7CA3CA8B243CC10A00009458 /* StringPickerNode.swift */; };
		7CB1F781243228580057499F /* LightNode.swift in Sources */ = {isa = PBXBuildFile; fileRef = 7CB1F780243228580057499F /* LightNode.swift */; };
		7CC34F67242A3F9000928EE1 /* Vector3i.swift in Sources */ = {isa = PBXBuildFile; fileRef = 7CC34F66242A3F9000928EE1 /* Vector3i.swift */; };
		7CD6AE9D2445BCD000C95338 /* HighScoreScene.swift in Sources */ = {isa = PBXBuildFile; fileRef = 7CD6AE9C2445BCD000C95338 /* HighScoreScene.swift */; };
		7CDC936B244218B8009BAC84 /* Statistics.swift in Sources */ = {isa = PBXBuildFile; fileRef = 7CDC936A244218B8009BAC84 /* Statistics.swift */; };
		7CE36ED923DC6D9800982EF9 /* AppDelegate.swift in Sources */ = {isa = PBXBuildFile; fileRef = 7CE36ED823DC6D9800982EF9 /* AppDelegate.swift */; };
		7CF234122444937000CC3D8C /* BoundingBoxNode.swift in Sources */ = {isa = PBXBuildFile; fileRef = 7CF234112444937000CC3D8C /* BoundingBoxNode.swift */; };
		7CF234142444997E00CC3D8C /* GameOverNode.swift in Sources */ = {isa = PBXBuildFile; fileRef = 7CF234132444997E00CC3D8C /* GameOverNode.swift */; };
		7CFB47DF2426A10500B2A4B3 /* SCNVector3+Operations.swift in Sources */ = {isa = PBXBuildFile; fileRef = 7CFB47DE2426A10500B2A4B3 /* SCNVector3+Operations.swift */; };
/* End PBXBuildFile section */

/* Begin PBXFileReference section */
		7C0786A6243892A5002A94B4 /* CGPoint+Extension.swift */ = {isa = PBXFileReference; lastKnownFileType = sourcecode.swift; path = "CGPoint+Extension.swift"; sourceTree = "<group>"; };
		7C0786A8243892DD002A94B4 /* CGSize+Extension.swift */ = {isa = PBXFileReference; lastKnownFileType = sourcecode.swift; path = "CGSize+Extension.swift"; sourceTree = "<group>"; };
		7C0786AA2438934E002A94B4 /* SKScene+Extension.swift */ = {isa = PBXFileReference; lastKnownFileType = sourcecode.swift; path = "SKScene+Extension.swift"; sourceTree = "<group>"; };
		7C167D3C2438DDCE00BE43A5 /* PitNode.swift */ = {isa = PBXFileReference; lastKnownFileType = sourcecode.swift; path = PitNode.swift; sourceTree = "<group>"; };
		7C167D3E2438F6E200BE43A5 /* PitMeshNode.swift */ = {isa = PBXFileReference; lastKnownFileType = sourcecode.swift; path = PitMeshNode.swift; sourceTree = "<group>"; };
		7C167D402439023100BE43A5 /* Size3i.swift */ = {isa = PBXFileReference; lastKnownFileType = sourcecode.swift; path = Size3i.swift; sourceTree = "<group>"; };
		7C167D422439050900BE43A5 /* PitContentNode.swift */ = {isa = PBXFileReference; lastKnownFileType = sourcecode.swift; path = PitContentNode.swift; sourceTree = "<group>"; };
		7C167D4424390C1800BE43A5 /* Geometry.swift */ = {isa = PBXFileReference; lastKnownFileType = sourcecode.swift; path = Geometry.swift; sourceTree = "<group>"; };
		7C167D462439114500BE43A5 /* PolycubeNode.swift */ = {isa = PBXFileReference; lastKnownFileType = sourcecode.swift; path = PolycubeNode.swift; sourceTree = "<group>"; };
		7C183F18243BA5540037932D /* SetupScene.swift */ = {isa = PBXFileReference; lastKnownFileType = sourcecode.swift; path = SetupScene.swift; sourceTree = "<group>"; };
		7C1FD4BF243DA1CE0020E3E5 /* PickerNode.swift */ = {isa = PBXFileReference; lastKnownFileType = sourcecode.swift; path = PickerNode.swift; sourceTree = "<group>"; };
		7C1FD6482437857000ED901C /* GamepadScene.swift */ = {isa = PBXFileReference; fileEncoding = 4; lastKnownFileType = sourcecode.swift; path = GamepadScene.swift; sourceTree = "<group>"; };
		7C1FD6492437857000ED901C /* MainMenuScene.swift */ = {isa = PBXFileReference; fileEncoding = 4; lastKnownFileType = sourcecode.swift; path = MainMenuScene.swift; sourceTree = "<group>"; };
		7C1FD64E2437859F00ED901C /* Setup.swift */ = {isa = PBXFileReference; fileEncoding = 4; lastKnownFileType = sourcecode.swift; path = Setup.swift; sourceTree = "<group>"; };
		7C1FD651243785B600ED901C /* ButtonNode.swift */ = {isa = PBXFileReference; fileEncoding = 4; lastKnownFileType = sourcecode.swift; path = ButtonNode.swift; sourceTree = "<group>"; };
		7C1FD652243785B600ED901C /* GamepadButtonNode.swift */ = {isa = PBXFileReference; fileEncoding = 4; lastKnownFileType = sourcecode.swift; path = GamepadButtonNode.swift; sourceTree = "<group>"; };
		7C29C54D2445876200AFD007 /* UIColor+Extension.swift */ = {isa = PBXFileReference; lastKnownFileType = sourcecode.swift; path = "UIColor+Extension.swift"; sourceTree = "<group>"; };
		7C33F98E24273180007BE88C /* SCNMatrix4+Operations.swift */ = {isa = PBXFileReference; lastKnownFileType = sourcecode.swift; path = "SCNMatrix4+Operations.swift"; sourceTree = "<group>"; };
		7C36F48723DC54F3004CB85E /* Polycube.swift */ = {isa = PBXFileReference; lastKnownFileType = sourcecode.swift; path = Polycube.swift; sourceTree = "<group>"; };
		7C36F48923DC6978004CB85E /* GameEngine.swift */ = {isa = PBXFileReference; lastKnownFileType = sourcecode.swift; path = GameEngine.swift; sourceTree = "<group>"; };
		7C4AAD8323DAEFEA00A9590B /* Cuberis.app */ = {isa = PBXFileReference; explicitFileType = wrapper.application; includeInIndex = 0; path = Cuberis.app; sourceTree = BUILT_PRODUCTS_DIR; };
		7C4AAD8823DAEFEA00A9590B /* art.scnassets */ = {isa = PBXFileReference; lastKnownFileType = wrapper.scnassets; path = art.scnassets; sourceTree = "<group>"; };
		7C4AAD8A23DAEFEA00A9590B /* GameViewController.swift */ = {isa = PBXFileReference; lastKnownFileType = sourcecode.swift; path = GameViewController.swift; sourceTree = "<group>"; };
		7C4AAD8D23DAEFEA00A9590B /* Base */ = {isa = PBXFileReference; lastKnownFileType = file.storyboard; name = Base; path = Base.lproj/Main.storyboard; sourceTree = "<group>"; };
		7C4AAD8F23DAEFEA00A9590B /* Assets.xcassets */ = {isa = PBXFileReference; lastKnownFileType = folder.assetcatalog; path = Assets.xcassets; sourceTree = "<group>"; };
		7C4AAD9223DAEFEA00A9590B /* Base */ = {isa = PBXFileReference; lastKnownFileType = file.storyboard; name = Base; path = Base.lproj/LaunchScreen.storyboard; sourceTree = "<group>"; };
		7C4AAD9423DAEFEA00A9590B /* Info.plist */ = {isa = PBXFileReference; lastKnownFileType = text.plist.xml; path = Info.plist; sourceTree = "<group>"; };
		7C5C32612441AE17000F3430 /* README.md */ = {isa = PBXFileReference; fileEncoding = 4; lastKnownFileType = net.daringfireball.markdown; path = README.md; sourceTree = "<group>"; };
		7C729FE1241BA7D9007DE4B8 /* Pit.swift */ = {isa = PBXFileReference; lastKnownFileType = sourcecode.swift; path = Pit.swift; sourceTree = "<group>"; };
		7C7C3CDA243AFF82004E3D31 /* NumericUpDown.swift */ = {isa = PBXFileReference; lastKnownFileType = sourcecode.swift; path = NumericUpDown.swift; sourceTree = "<group>"; };
		7C8AAE7F2439A9D40083AD7C /* GameScene.swift */ = {isa = PBXFileReference; lastKnownFileType = sourcecode.swift; path = GameScene.swift; sourceTree = "<group>"; };
		7C9F8DA324220FA8005189EA /* GamepadProtocol.swift */ = {isa = PBXFileReference; lastKnownFileType = sourcecode.swift; path = GamepadProtocol.swift; sourceTree = "<group>"; };
		7CA349BC23DD89CA000721E9 /* polycubes.json */ = {isa = PBXFileReference; fileEncoding = 4; lastKnownFileType = text.json; path = polycubes.json; sourceTree = "<group>"; };
		7CA3CA8B243CC10A00009458 /* StringPickerNode.swift */ = {isa = PBXFileReference; lastKnownFileType = sourcecode.swift; path = StringPickerNode.swift; sourceTree = "<group>"; };
		7CB1F780243228580057499F /* LightNode.swift */ = {isa = PBXFileReference; fileEncoding = 4; lastKnownFileType = sourcecode.swift; path = LightNode.swift; sourceTree = "<group>"; };
		7CC34F66242A3F9000928EE1 /* Vector3i.swift */ = {isa = PBXFileReference; fileEncoding = 4; lastKnownFileType = sourcecode.swift; path = Vector3i.swift; sourceTree = "<group>"; };
		7CD6AE9C2445BCD000C95338 /* HighScoreScene.swift */ = {isa = PBXFileReference; lastKnownFileType = sourcecode.swift; path = HighScoreScene.swift; sourceTree = "<group>"; };
		7CDC936A244218B8009BAC84 /* Statistics.swift */ = {isa = PBXFileReference; lastKnownFileType = sourcecode.swift; path = Statistics.swift; sourceTree = "<group>"; };
		7CE36ED823DC6D9800982EF9 /* AppDelegate.swift */ = {isa = PBXFileReference; lastKnownFileType = sourcecode.swift; path = AppDelegate.swift; sourceTree = "<group>"; };
		7CF234112444937000CC3D8C /* BoundingBoxNode.swift */ = {isa = PBXFileReference; lastKnownFileType = sourcecode.swift; path = BoundingBoxNode.swift; sourceTree = "<group>"; };
		7CF234132444997E00CC3D8C /* GameOverNode.swift */ = {isa = PBXFileReference; lastKnownFileType = sourcecode.swift; path = GameOverNode.swift; sourceTree = "<group>"; };
		7CFB47DE2426A10500B2A4B3 /* SCNVector3+Operations.swift */ = {isa = PBXFileReference; fileEncoding = 4; lastKnownFileType = sourcecode.swift; path = "SCNVector3+Operations.swift"; sourceTree = "<group>"; };
/* End PBXFileReference section */

/* Begin PBXFrameworksBuildPhase section */
		7C4AAD8023DAEFEA00A9590B /* Frameworks */ = {
			isa = PBXFrameworksBuildPhase;
			buildActionMask = 2147483647;
			files = (
			);
			runOnlyForDeploymentPostprocessing = 0;
		};
/* End PBXFrameworksBuildPhase section */

/* Begin PBXGroup section */
		7C096F1E2438865A00D4D4D7 /* SCNNodes */ = {
			isa = PBXGroup;
			children = (
				7CB1F780243228580057499F /* LightNode.swift */,
				7C167D422439050900BE43A5 /* PitContentNode.swift */,
				7C167D3E2438F6E200BE43A5 /* PitMeshNode.swift */,
				7C167D3C2438DDCE00BE43A5 /* PitNode.swift */,
				7C167D462439114500BE43A5 /* PolycubeNode.swift */,
				7CF234112444937000CC3D8C /* BoundingBoxNode.swift */,
				7CF234132444997E00CC3D8C /* GameOverNode.swift */,
			);
			path = SCNNodes;
			sourceTree = "<group>";
		};
		7C1FD6472437857000ED901C /* SKScenes */ = {
			isa = PBXGroup;
			children = (
				7C1FD6482437857000ED901C /* GamepadScene.swift */,
				7C1FD6492437857000ED901C /* MainMenuScene.swift */,
				7CD6AE9C2445BCD000C95338 /* HighScoreScene.swift */,
				7C183F18243BA5540037932D /* SetupScene.swift */,
			);
			path = SKScenes;
			sourceTree = "<group>";
		};
		7C1FD650243785B600ED901C /* SKNodes */ = {
			isa = PBXGroup;
			children = (
				7C1FD651243785B600ED901C /* ButtonNode.swift */,
				7C1FD652243785B600ED901C /* GamepadButtonNode.swift */,
				7C7C3CDA243AFF82004E3D31 /* NumericUpDown.swift */,
				7C1FD4BF243DA1CE0020E3E5 /* PickerNode.swift */,
				7CA3CA8B243CC10A00009458 /* StringPickerNode.swift */,
			);
			path = SKNodes;
			sourceTree = "<group>";
		};
		7C4AAD7A23DAEFEA00A9590B = {
			isa = PBXGroup;
			children = (
				7C5C32612441AE17000F3430 /* README.md */,
				7C4AAD8523DAEFEA00A9590B /* Cuberis */,
				7C4AAD8423DAEFEA00A9590B /* Products */,
			);
			sourceTree = "<group>";
		};
		7C4AAD8423DAEFEA00A9590B /* Products */ = {
			isa = PBXGroup;
			children = (
				7C4AAD8323DAEFEA00A9590B /* Cuberis.app */,
			);
			name = Products;
			sourceTree = "<group>";
		};
		7C4AAD8523DAEFEA00A9590B /* Cuberis */ = {
			isa = PBXGroup;
			children = (
				7CFB47E02426A1AD00B2A4B3 /* Extensions */,
				7C096F1E2438865A00D4D4D7 /* SCNNodes */,
				7C1FD650243785B600ED901C /* SKNodes */,
				7C1FD6472437857000ED901C /* SKScenes */,
				7C7CB72D24058F6A00EFA46D /* Model */,
				7C8AAE7E2439A9000083AD7C /* Misc */,
				7CE36ED823DC6D9800982EF9 /* AppDelegate.swift */,
				7C8AAE7F2439A9D40083AD7C /* GameScene.swift */,
				7C4AAD8A23DAEFEA00A9590B /* GameViewController.swift */,
				7C4AAD8823DAEFEA00A9590B /* art.scnassets */,
				7C4AAD8F23DAEFEA00A9590B /* Assets.xcassets */,
				7C4AAD9123DAEFEA00A9590B /* LaunchScreen.storyboard */,
				7C4AAD8C23DAEFEA00A9590B /* Main.storyboard */,
				7C4AAD9423DAEFEA00A9590B /* Info.plist */,
				7CA349BC23DD89CA000721E9 /* polycubes.json */,
			);
			path = Cuberis;
			sourceTree = "<group>";
		};
		7C7CB72D24058F6A00EFA46D /* Model */ = {
			isa = PBXGroup;
			children = (
				7C36F48923DC6978004CB85E /* GameEngine.swift */,
				7CDC936A244218B8009BAC84 /* Statistics.swift */,
				7C36F48723DC54F3004CB85E /* Polycube.swift */,
				7C729FE1241BA7D9007DE4B8 /* Pit.swift */,
				7C1FD64E2437859F00ED901C /* Setup.swift */,
				7CC34F66242A3F9000928EE1 /* Vector3i.swift */,
				7C167D402439023100BE43A5 /* Size3i.swift */,
			);
			path = Model;
			sourceTree = "<group>";
		};
		7C8AAE7E2439A9000083AD7C /* Misc */ = {
			isa = PBXGroup;
			children = (
				7C9F8DA324220FA8005189EA /* GamepadProtocol.swift */,
				7C167D4424390C1800BE43A5 /* Geometry.swift */,
			);
			path = Misc;
			sourceTree = "<group>";
		};
		7CFB47E02426A1AD00B2A4B3 /* Extensions */ = {
			isa = PBXGroup;
			children = (
				7C0786A6243892A5002A94B4 /* CGPoint+Extension.swift */,
				7C0786A8243892DD002A94B4 /* CGSize+Extension.swift */,
				7CFB47DE2426A10500B2A4B3 /* SCNVector3+Operations.swift */,
				7C33F98E24273180007BE88C /* SCNMatrix4+Operations.swift */,
				7C0786AA2438934E002A94B4 /* SKScene+Extension.swift */,
				7C29C54D2445876200AFD007 /* UIColor+Extension.swift */,
			);
			path = Extensions;
			sourceTree = "<group>";
		};
/* End PBXGroup section */

/* Begin PBXNativeTarget section */
		7C4AAD8223DAEFEA00A9590B /* Cuberis */ = {
			isa = PBXNativeTarget;
			buildConfigurationList = 7C4AAD9723DAEFEB00A9590B /* Build configuration list for PBXNativeTarget "Cuberis" */;
			buildPhases = (
				7C4AAD7F23DAEFEA00A9590B /* Sources */,
				7C4AAD8023DAEFEA00A9590B /* Frameworks */,
				7C4AAD8123DAEFEA00A9590B /* Resources */,
				7C9F8DA524226858005189EA /* ShellScript */,
			);
			buildRules = (
			);
			dependencies = (
			);
			name = Cuberis;
			productName = Cuberis;
			productReference = 7C4AAD8323DAEFEA00A9590B /* Cuberis.app */;
			productType = "com.apple.product-type.application";
		};
/* End PBXNativeTarget section */

/* Begin PBXProject section */
		7C4AAD7B23DAEFEA00A9590B /* Project object */ = {
			isa = PBXProject;
			attributes = {
				LastSwiftUpdateCheck = 1130;
				LastUpgradeCheck = 1130;
				ORGANIZATIONNAME = "Alexey Vorobyov";
				TargetAttributes = {
					7C4AAD8223DAEFEA00A9590B = {
						CreatedOnToolsVersion = 11.3;
					};
				};
			};
			buildConfigurationList = 7C4AAD7E23DAEFEA00A9590B /* Build configuration list for PBXProject "Cuberis" */;
			compatibilityVersion = "Xcode 9.3";
			developmentRegion = en;
			hasScannedForEncodings = 0;
			knownRegions = (
				en,
				Base,
			);
			mainGroup = 7C4AAD7A23DAEFEA00A9590B;
			productRefGroup = 7C4AAD8423DAEFEA00A9590B /* Products */;
			projectDirPath = "";
			projectRoot = "";
			targets = (
				7C4AAD8223DAEFEA00A9590B /* Cuberis */,
			);
		};
/* End PBXProject section */

/* Begin PBXResourcesBuildPhase section */
		7C4AAD8123DAEFEA00A9590B /* Resources */ = {
			isa = PBXResourcesBuildPhase;
			buildActionMask = 2147483647;
			files = (
				7C5C32622441AE17000F3430 /* README.md in Resources */,
				7CA349BD23DD89CB000721E9 /* polycubes.json in Resources */,
				7C4AAD8923DAEFEA00A9590B /* art.scnassets in Resources */,
				7C4AAD9323DAEFEA00A9590B /* LaunchScreen.storyboard in Resources */,
				7C4AAD9023DAEFEA00A9590B /* Assets.xcassets in Resources */,
				7C4AAD8E23DAEFEA00A9590B /* Main.storyboard in Resources */,
			);
			runOnlyForDeploymentPostprocessing = 0;
		};
/* End PBXResourcesBuildPhase section */

/* Begin PBXShellScriptBuildPhase section */
		7C9F8DA524226858005189EA /* ShellScript */ = {
			isa = PBXShellScriptBuildPhase;
			buildActionMask = 2147483647;
			files = (
			);
			inputFileListPaths = (
			);
			inputPaths = (
			);
			outputFileListPaths = (
			);
			outputPaths = (
			);
			runOnlyForDeploymentPostprocessing = 0;
			shellPath = /bin/sh;
			shellScript = "# Type a script or drag a script file from your workspace to insert its path.\nif which swiftlint >/dev/null; then\n  swiftlint\nelse\n  echo \"error: SwiftLint does not exist, please install it by command 'brew install swiftlint'\"\n  exit 1\nfi\n";
		};
/* End PBXShellScriptBuildPhase section */

/* Begin PBXSourcesBuildPhase section */
		7C4AAD7F23DAEFEA00A9590B /* Sources */ = {
			isa = PBXSourcesBuildPhase;
			buildActionMask = 2147483647;
			files = (
				7C1FD64C2437857000ED901C /* MainMenuScene.swift in Sources */,
				7C1FD64B2437857000ED901C /* GamepadScene.swift in Sources */,
				7C0786A7243892A5002A94B4 /* CGPoint+Extension.swift in Sources */,
				7CA3CA8C243CC10A00009458 /* StringPickerNode.swift in Sources */,
				7C1FD4C0243DA1CE0020E3E5 /* PickerNode.swift in Sources */,
				7CE36ED923DC6D9800982EF9 /* AppDelegate.swift in Sources */,
				7C1FD654243785B600ED901C /* GamepadButtonNode.swift in Sources */,
				7CF234122444937000CC3D8C /* BoundingBoxNode.swift in Sources */,
				7C167D3F2438F6E200BE43A5 /* PitMeshNode.swift in Sources */,
				7CF234142444997E00CC3D8C /* GameOverNode.swift in Sources */,
				7C1FD64F2437859F00ED901C /* Setup.swift in Sources */,
				7C0786A9243892DD002A94B4 /* CGSize+Extension.swift in Sources */,
				7C183F19243BA5540037932D /* SetupScene.swift in Sources */,
				7C7C3CDB243AFF82004E3D31 /* NumericUpDown.swift in Sources */,
				7C8AAE802439A9D40083AD7C /* GameScene.swift in Sources */,
				7C167D3D2438DDCE00BE43A5 /* PitNode.swift in Sources */,
				7C9F8DA424220FA8005189EA /* GamepadProtocol.swift in Sources */,
				7CD6AE9D2445BCD000C95338 /* HighScoreScene.swift in Sources */,
				7C4AAD8B23DAEFEA00A9590B /* GameViewController.swift in Sources */,
				7C36F48823DC54F3004CB85E /* Polycube.swift in Sources */,
				7C729FE2241BA7D9007DE4B8 /* Pit.swift in Sources */,
				7C36F48A23DC6978004CB85E /* GameEngine.swift in Sources */,
				7C29C54E2445876200AFD007 /* UIColor+Extension.swift in Sources */,
				7C167D472439114500BE43A5 /* PolycubeNode.swift in Sources */,
				7C33F98F24273180007BE88C /* SCNMatrix4+Operations.swift in Sources */,
				7CFB47DF2426A10500B2A4B3 /* SCNVector3+Operations.swift in Sources */,
				7CC34F67242A3F9000928EE1 /* Vector3i.swift in Sources */,
				7C167D412439023100BE43A5 /* Size3i.swift in Sources */,
				7CB1F781243228580057499F /* LightNode.swift in Sources */,
				7C167D432439050900BE43A5 /* PitContentNode.swift in Sources */,
				7C0786AB2438934E002A94B4 /* SKScene+Extension.swift in Sources */,
				7C1FD653243785B600ED901C /* ButtonNode.swift in Sources */,
				7CDC936B244218B8009BAC84 /* Statistics.swift in Sources */,
				7C167D4524390C1800BE43A5 /* Geometry.swift in Sources */,
			);
			runOnlyForDeploymentPostprocessing = 0;
		};
/* End PBXSourcesBuildPhase section */

/* Begin PBXVariantGroup section */
		7C4AAD8C23DAEFEA00A9590B /* Main.storyboard */ = {
			isa = PBXVariantGroup;
			children = (
				7C4AAD8D23DAEFEA00A9590B /* Base */,
			);
			name = Main.storyboard;
			sourceTree = "<group>";
		};
		7C4AAD9123DAEFEA00A9590B /* LaunchScreen.storyboard */ = {
			isa = PBXVariantGroup;
			children = (
				7C4AAD9223DAEFEA00A9590B /* Base */,
			);
			name = LaunchScreen.storyboard;
			sourceTree = "<group>";
		};
/* End PBXVariantGroup section */

/* Begin XCBuildConfiguration section */
		7C4AAD9523DAEFEB00A9590B /* Debug */ = {
			isa = XCBuildConfiguration;
			buildSettings = {
				ALWAYS_SEARCH_USER_PATHS = NO;
				CLANG_ANALYZER_NONNULL = YES;
				CLANG_ANALYZER_NUMBER_OBJECT_CONVERSION = YES_AGGRESSIVE;
				CLANG_CXX_LANGUAGE_STANDARD = "gnu++14";
				CLANG_CXX_LIBRARY = "libc++";
				CLANG_ENABLE_MODULES = YES;
				CLANG_ENABLE_OBJC_ARC = YES;
				CLANG_ENABLE_OBJC_WEAK = YES;
				CLANG_WARN_BLOCK_CAPTURE_AUTORELEASING = YES;
				CLANG_WARN_BOOL_CONVERSION = YES;
				CLANG_WARN_COMMA = YES;
				CLANG_WARN_CONSTANT_CONVERSION = YES;
				CLANG_WARN_DEPRECATED_OBJC_IMPLEMENTATIONS = YES;
				CLANG_WARN_DIRECT_OBJC_ISA_USAGE = YES_ERROR;
				CLANG_WARN_DOCUMENTATION_COMMENTS = YES;
				CLANG_WARN_EMPTY_BODY = YES;
				CLANG_WARN_ENUM_CONVERSION = YES;
				CLANG_WARN_INFINITE_RECURSION = YES;
				CLANG_WARN_INT_CONVERSION = YES;
				CLANG_WARN_NON_LITERAL_NULL_CONVERSION = YES;
				CLANG_WARN_OBJC_IMPLICIT_RETAIN_SELF = YES;
				CLANG_WARN_OBJC_LITERAL_CONVERSION = YES;
				CLANG_WARN_OBJC_ROOT_CLASS = YES_ERROR;
				CLANG_WARN_RANGE_LOOP_ANALYSIS = YES;
				CLANG_WARN_STRICT_PROTOTYPES = YES;
				CLANG_WARN_SUSPICIOUS_MOVE = YES;
				CLANG_WARN_UNGUARDED_AVAILABILITY = YES_AGGRESSIVE;
				CLANG_WARN_UNREACHABLE_CODE = YES;
				CLANG_WARN__DUPLICATE_METHOD_MATCH = YES;
				COPY_PHASE_STRIP = NO;
				DEBUG_INFORMATION_FORMAT = dwarf;
				ENABLE_STRICT_OBJC_MSGSEND = YES;
				ENABLE_TESTABILITY = YES;
				GCC_C_LANGUAGE_STANDARD = gnu11;
				GCC_DYNAMIC_NO_PIC = NO;
				GCC_NO_COMMON_BLOCKS = YES;
				GCC_OPTIMIZATION_LEVEL = 0;
				GCC_PREPROCESSOR_DEFINITIONS = (
					"DEBUG=1",
					"$(inherited)",
				);
				GCC_WARN_64_TO_32_BIT_CONVERSION = YES;
				GCC_WARN_ABOUT_RETURN_TYPE = YES_ERROR;
				GCC_WARN_UNDECLARED_SELECTOR = YES;
				GCC_WARN_UNINITIALIZED_AUTOS = YES_AGGRESSIVE;
				GCC_WARN_UNUSED_FUNCTION = YES;
				GCC_WARN_UNUSED_VARIABLE = YES;
				IPHONEOS_DEPLOYMENT_TARGET = 13.2;
				MTL_ENABLE_DEBUG_INFO = INCLUDE_SOURCE;
				MTL_FAST_MATH = YES;
				ONLY_ACTIVE_ARCH = YES;
				SDKROOT = iphoneos;
				SWIFT_ACTIVE_COMPILATION_CONDITIONS = DEBUG;
				SWIFT_OPTIMIZATION_LEVEL = "-Onone";
			};
			name = Debug;
		};
		7C4AAD9623DAEFEB00A9590B /* Release */ = {
			isa = XCBuildConfiguration;
			buildSettings = {
				ALWAYS_SEARCH_USER_PATHS = NO;
				CLANG_ANALYZER_NONNULL = YES;
				CLANG_ANALYZER_NUMBER_OBJECT_CONVERSION = YES_AGGRESSIVE;
				CLANG_CXX_LANGUAGE_STANDARD = "gnu++14";
				CLANG_CXX_LIBRARY = "libc++";
				CLANG_ENABLE_MODULES = YES;
				CLANG_ENABLE_OBJC_ARC = YES;
				CLANG_ENABLE_OBJC_WEAK = YES;
				CLANG_WARN_BLOCK_CAPTURE_AUTORELEASING = YES;
				CLANG_WARN_BOOL_CONVERSION = YES;
				CLANG_WARN_COMMA = YES;
				CLANG_WARN_CONSTANT_CONVERSION = YES;
				CLANG_WARN_DEPRECATED_OBJC_IMPLEMENTATIONS = YES;
				CLANG_WARN_DIRECT_OBJC_ISA_USAGE = YES_ERROR;
				CLANG_WARN_DOCUMENTATION_COMMENTS = YES;
				CLANG_WARN_EMPTY_BODY = YES;
				CLANG_WARN_ENUM_CONVERSION = YES;
				CLANG_WARN_INFINITE_RECURSION = YES;
				CLANG_WARN_INT_CONVERSION = YES;
				CLANG_WARN_NON_LITERAL_NULL_CONVERSION = YES;
				CLANG_WARN_OBJC_IMPLICIT_RETAIN_SELF = YES;
				CLANG_WARN_OBJC_LITERAL_CONVERSION = YES;
				CLANG_WARN_OBJC_ROOT_CLASS = YES_ERROR;
				CLANG_WARN_RANGE_LOOP_ANALYSIS = YES;
				CLANG_WARN_STRICT_PROTOTYPES = YES;
				CLANG_WARN_SUSPICIOUS_MOVE = YES;
				CLANG_WARN_UNGUARDED_AVAILABILITY = YES_AGGRESSIVE;
				CLANG_WARN_UNREACHABLE_CODE = YES;
				CLANG_WARN__DUPLICATE_METHOD_MATCH = YES;
				COPY_PHASE_STRIP = NO;
				DEBUG_INFORMATION_FORMAT = "dwarf-with-dsym";
				ENABLE_NS_ASSERTIONS = NO;
				ENABLE_STRICT_OBJC_MSGSEND = YES;
				GCC_C_LANGUAGE_STANDARD = gnu11;
				GCC_NO_COMMON_BLOCKS = YES;
				GCC_WARN_64_TO_32_BIT_CONVERSION = YES;
				GCC_WARN_ABOUT_RETURN_TYPE = YES_ERROR;
				GCC_WARN_UNDECLARED_SELECTOR = YES;
				GCC_WARN_UNINITIALIZED_AUTOS = YES_AGGRESSIVE;
				GCC_WARN_UNUSED_FUNCTION = YES;
				GCC_WARN_UNUSED_VARIABLE = YES;
				IPHONEOS_DEPLOYMENT_TARGET = 13.2;
				MTL_ENABLE_DEBUG_INFO = NO;
				MTL_FAST_MATH = YES;
				SDKROOT = iphoneos;
				SWIFT_COMPILATION_MODE = wholemodule;
				SWIFT_OPTIMIZATION_LEVEL = "-O";
				VALIDATE_PRODUCT = YES;
			};
			name = Release;
		};
		7C4AAD9823DAEFEB00A9590B /* Debug */ = {
			isa = XCBuildConfiguration;
			buildSettings = {
				ASSETCATALOG_COMPILER_APPICON_NAME = AppIcon;
				CODE_SIGN_STYLE = Automatic;
				DEVELOPMENT_TEAM = XKHPTWMD44;
				INFOPLIST_FILE = Cuberis/Info.plist;
				IPHONEOS_DEPLOYMENT_TARGET = 12.0;
				LD_RUNPATH_SEARCH_PATHS = (
					"$(inherited)",
					"@executable_path/Frameworks",
				);
				PRODUCT_BUNDLE_IDENTIFIER = acme.Cuberis;
				PRODUCT_NAME = "$(TARGET_NAME)";
				SWIFT_VERSION = 5.0;
				TARGETED_DEVICE_FAMILY = "1,2";
			};
			name = Debug;
		};
		7C4AAD9923DAEFEB00A9590B /* Release */ = {
			isa = XCBuildConfiguration;
			buildSettings = {
				ASSETCATALOG_COMPILER_APPICON_NAME = AppIcon;
				CODE_SIGN_STYLE = Automatic;
				DEVELOPMENT_TEAM = XKHPTWMD44;
				INFOPLIST_FILE = Cuberis/Info.plist;
				IPHONEOS_DEPLOYMENT_TARGET = 12.0;
				LD_RUNPATH_SEARCH_PATHS = (
					"$(inherited)",
					"@executable_path/Frameworks",
				);
				PRODUCT_BUNDLE_IDENTIFIER = acme.Cuberis;
				PRODUCT_NAME = "$(TARGET_NAME)";
				SWIFT_VERSION = 5.0;
				TARGETED_DEVICE_FAMILY = "1,2";
			};
			name = Release;
		};
/* End XCBuildConfiguration section */

/* Begin XCConfigurationList section */
		7C4AAD7E23DAEFEA00A9590B /* Build configuration list for PBXProject "Cuberis" */ = {
			isa = XCConfigurationList;
			buildConfigurations = (
				7C4AAD9523DAEFEB00A9590B /* Debug */,
				7C4AAD9623DAEFEB00A9590B /* Release */,
			);
			defaultConfigurationIsVisible = 0;
			defaultConfigurationName = Release;
		};
		7C4AAD9723DAEFEB00A9590B /* Build configuration list for PBXNativeTarget "Cuberis" */ = {
			isa = XCConfigurationList;
			buildConfigurations = (
				7C4AAD9823DAEFEB00A9590B /* Debug */,
				7C4AAD9923DAEFEB00A9590B /* Release */,
			);
			defaultConfigurationIsVisible = 0;
			defaultConfigurationName = Release;
		};
/* End XCConfigurationList section */
	};
	rootObject = 7C4AAD7B23DAEFEA00A9590B /* Project object */;
}
